// !$*UTF8*$!
{
	archiveVersion = 1;
	classes = {
	};
	objectVersion = 56;
	objects = {

/* Begin PBXBuildFile section */
		BF0A156E2C7F94FC00B77F4F /* GeoFire in Frameworks */ = {isa = PBXBuildFile; productRef = BF0A156D2C7F94FC00B77F4F /* GeoFire */; };
		BF0A15702C7F94FC00B77F4F /* GeoFireUtils in Frameworks */ = {isa = PBXBuildFile; productRef = BF0A156F2C7F94FC00B77F4F /* GeoFireUtils */; };
		BF0A15722C805CF800B77F4F /* LocationHandler.swift in Sources */ = {isa = PBXBuildFile; fileRef = BF0A15712C805CF800B77F4F /* LocationHandler.swift */; };
		BF6239C22C75CB1700F661EF /* AppDelegate.swift in Sources */ = {isa = PBXBuildFile; fileRef = BF6239C12C75CB1700F661EF /* AppDelegate.swift */; };
		BF6239C42C75CB1700F661EF /* SceneDelegate.swift in Sources */ = {isa = PBXBuildFile; fileRef = BF6239C32C75CB1700F661EF /* SceneDelegate.swift */; };
		BF6239C92C75CB1800F661EF /* Base in Resources */ = {isa = PBXBuildFile; fileRef = BF6239C82C75CB1800F661EF /* Base */; };
		BF6239CB2C75CB1A00F661EF /* Assets.xcassets in Resources */ = {isa = PBXBuildFile; fileRef = BF6239CA2C75CB1A00F661EF /* Assets.xcassets */; };
		BF6239CE2C75CB1A00F661EF /* Base in Resources */ = {isa = PBXBuildFile; fileRef = BF6239CD2C75CB1A00F661EF /* Base */; };
		BF6239DD2C75CC9800F661EF /* LoginController.swift in Sources */ = {isa = PBXBuildFile; fileRef = BF6239DC2C75CC9800F661EF /* LoginController.swift */; };
		BF6239DF2C75E3C500F661EF /* Extensions.swift in Sources */ = {isa = PBXBuildFile; fileRef = BF6239DE2C75E3C500F661EF /* Extensions.swift */; };
		BF6239E12C7638FD00F661EF /* SignUpController.swift in Sources */ = {isa = PBXBuildFile; fileRef = BF6239E02C7638FD00F661EF /* SignUpController.swift */; };
		BF6239E32C778CD200F661EF /* AuthButton.swift in Sources */ = {isa = PBXBuildFile; fileRef = BF6239E22C778CD200F661EF /* AuthButton.swift */; };
		BF6239E82C78761E00F661EF /* FirebaseAuth in Frameworks */ = {isa = PBXBuildFile; productRef = BF6239E72C78761E00F661EF /* FirebaseAuth */; };
		BF6239EA2C78761E00F661EF /* FirebaseDatabase in Frameworks */ = {isa = PBXBuildFile; productRef = BF6239E92C78761E00F661EF /* FirebaseDatabase */; };
		BF6239EC2C78761E00F661EF /* FirebaseStorage in Frameworks */ = {isa = PBXBuildFile; productRef = BF6239EB2C78761E00F661EF /* FirebaseStorage */; };
		BF6239EE2C78CBD700F661EF /* GoogleService-Info.plist in Resources */ = {isa = PBXBuildFile; fileRef = BF6239ED2C78CBD700F661EF /* GoogleService-Info.plist */; };
		BF6239F02C7DB8C700F661EF /* HomeController.swift in Sources */ = {isa = PBXBuildFile; fileRef = BF6239EF2C7DB8C700F661EF /* HomeController.swift */; };
		BF6239F22C7DF82300F661EF /* LocationInputActivationView.swift in Sources */ = {isa = PBXBuildFile; fileRef = BF6239F12C7DF82300F661EF /* LocationInputActivationView.swift */; };
		BF6239F42C7E0A2500F661EF /* LocationInputView.swift in Sources */ = {isa = PBXBuildFile; fileRef = BF6239F32C7E0A2500F661EF /* LocationInputView.swift */; };
		BF6239F62C7F08F200F661EF /* LocationCell.swift in Sources */ = {isa = PBXBuildFile; fileRef = BF6239F52C7F08F200F661EF /* LocationCell.swift */; };
		BF6239F82C7F1D6500F661EF /* Service.swift in Sources */ = {isa = PBXBuildFile; fileRef = BF6239F72C7F1D6500F661EF /* Service.swift */; };
		BF6239FA2C7F26A200F661EF /* User.swift in Sources */ = {isa = PBXBuildFile; fileRef = BF6239F92C7F26A200F661EF /* User.swift */; };
/* End PBXBuildFile section */

/* Begin PBXFileReference section */
		BF0A15712C805CF800B77F4F /* LocationHandler.swift */ = {isa = PBXFileReference; lastKnownFileType = sourcecode.swift; path = LocationHandler.swift; sourceTree = "<group>"; };
		BF6239BE2C75CB1700F661EF /* UberTutorial.app */ = {isa = PBXFileReference; explicitFileType = wrapper.application; includeInIndex = 0; path = UberTutorial.app; sourceTree = BUILT_PRODUCTS_DIR; };
		BF6239C12C75CB1700F661EF /* AppDelegate.swift */ = {isa = PBXFileReference; lastKnownFileType = sourcecode.swift; path = AppDelegate.swift; sourceTree = "<group>"; };
		BF6239C32C75CB1700F661EF /* SceneDelegate.swift */ = {isa = PBXFileReference; lastKnownFileType = sourcecode.swift; path = SceneDelegate.swift; sourceTree = "<group>"; };
		BF6239C82C75CB1800F661EF /* Base */ = {isa = PBXFileReference; lastKnownFileType = file.storyboard; name = Base; path = Base.lproj/Main.storyboard; sourceTree = "<group>"; };
		BF6239CA2C75CB1A00F661EF /* Assets.xcassets */ = {isa = PBXFileReference; lastKnownFileType = folder.assetcatalog; path = Assets.xcassets; sourceTree = "<group>"; };
		BF6239CD2C75CB1A00F661EF /* Base */ = {isa = PBXFileReference; lastKnownFileType = file.storyboard; name = Base; path = Base.lproj/LaunchScreen.storyboard; sourceTree = "<group>"; };
		BF6239CF2C75CB1A00F661EF /* Info.plist */ = {isa = PBXFileReference; lastKnownFileType = text.plist.xml; path = Info.plist; sourceTree = "<group>"; };
		BF6239DC2C75CC9800F661EF /* LoginController.swift */ = {isa = PBXFileReference; lastKnownFileType = sourcecode.swift; path = LoginController.swift; sourceTree = "<group>"; };
		BF6239DE2C75E3C500F661EF /* Extensions.swift */ = {isa = PBXFileReference; lastKnownFileType = sourcecode.swift; path = Extensions.swift; sourceTree = "<group>"; };
		BF6239E02C7638FD00F661EF /* SignUpController.swift */ = {isa = PBXFileReference; lastKnownFileType = sourcecode.swift; path = SignUpController.swift; sourceTree = "<group>"; };
		BF6239E22C778CD200F661EF /* AuthButton.swift */ = {isa = PBXFileReference; lastKnownFileType = sourcecode.swift; path = AuthButton.swift; sourceTree = "<group>"; };
		BF6239ED2C78CBD700F661EF /* GoogleService-Info.plist */ = {isa = PBXFileReference; fileEncoding = 4; lastKnownFileType = text.plist.xml; path = "GoogleService-Info.plist"; sourceTree = SOURCE_ROOT; };
		BF6239EF2C7DB8C700F661EF /* HomeController.swift */ = {isa = PBXFileReference; lastKnownFileType = sourcecode.swift; path = HomeController.swift; sourceTree = "<group>"; };
		BF6239F12C7DF82300F661EF /* LocationInputActivationView.swift */ = {isa = PBXFileReference; lastKnownFileType = sourcecode.swift; path = LocationInputActivationView.swift; sourceTree = "<group>"; };
		BF6239F32C7E0A2500F661EF /* LocationInputView.swift */ = {isa = PBXFileReference; lastKnownFileType = sourcecode.swift; path = LocationInputView.swift; sourceTree = "<group>"; };
		BF6239F52C7F08F200F661EF /* LocationCell.swift */ = {isa = PBXFileReference; lastKnownFileType = sourcecode.swift; path = LocationCell.swift; sourceTree = "<group>"; };
		BF6239F72C7F1D6500F661EF /* Service.swift */ = {isa = PBXFileReference; lastKnownFileType = sourcecode.swift; path = Service.swift; sourceTree = "<group>"; };
		BF6239F92C7F26A200F661EF /* User.swift */ = {isa = PBXFileReference; lastKnownFileType = sourcecode.swift; path = User.swift; sourceTree = "<group>"; };
/* End PBXFileReference section */

/* Begin PBXFrameworksBuildPhase section */
		BF6239BB2C75CB1700F661EF /* Frameworks */ = {
			isa = PBXFrameworksBuildPhase;
			buildActionMask = 2147483647;
			files = (
				BF0A156E2C7F94FC00B77F4F /* GeoFire in Frameworks */,
				BF6239EA2C78761E00F661EF /* FirebaseDatabase in Frameworks */,
				BF6239E82C78761E00F661EF /* FirebaseAuth in Frameworks */,
				BF6239EC2C78761E00F661EF /* FirebaseStorage in Frameworks */,
				BF0A15702C7F94FC00B77F4F /* GeoFireUtils in Frameworks */,
			);
			runOnlyForDeploymentPostprocessing = 0;
		};
/* End PBXFrameworksBuildPhase section */

/* Begin PBXGroup section */
		BF6239B52C75CB1700F661EF = {
			isa = PBXGroup;
			children = (
				BF6239C02C75CB1700F661EF /* UberTutorial */,
				BF6239BF2C75CB1700F661EF /* Products */,
			);
			sourceTree = "<group>";
		};
		BF6239BF2C75CB1700F661EF /* Products */ = {
			isa = PBXGroup;
			children = (
				BF6239BE2C75CB1700F661EF /* UberTutorial.app */,
			);
			name = Products;
			sourceTree = "<group>";
		};
		BF6239C02C75CB1700F661EF /* UberTutorial */ = {
			isa = PBXGroup;
			children = (
				BF6239D92C75CB7400F661EF /* Model */,
				BF6239D82C75CB7200F661EF /* View */,
				BF6239D52C75CB6200F661EF /* Controller */,
				BF6239DA2C75CBAA00F661EF /* Service */,
				BF6239DB2C75CBB000F661EF /* Utils */,
				BF6239C32C75CB1700F661EF /* SceneDelegate.swift */,
				BF6239C12C75CB1700F661EF /* AppDelegate.swift */,
				BF6239C72C75CB1800F661EF /* Main.storyboard */,
				BF6239CA2C75CB1A00F661EF /* Assets.xcassets */,
				BF6239CC2C75CB1A00F661EF /* LaunchScreen.storyboard */,
				BF6239CF2C75CB1A00F661EF /* Info.plist */,
				BF6239ED2C78CBD700F661EF /* GoogleService-Info.plist */,
			);
			path = UberTutorial;
			sourceTree = "<group>";
		};
		BF6239D52C75CB6200F661EF /* Controller */ = {
			isa = PBXGroup;
			children = (
				BF6239DC2C75CC9800F661EF /* LoginController.swift */,
				BF6239E02C7638FD00F661EF /* SignUpController.swift */,
				BF6239EF2C7DB8C700F661EF /* HomeController.swift */,
			);
			path = Controller;
			sourceTree = "<group>";
		};
		BF6239D82C75CB7200F661EF /* View */ = {
			isa = PBXGroup;
			children = (
				BF6239E22C778CD200F661EF /* AuthButton.swift */,
				BF6239F52C7F08F200F661EF /* LocationCell.swift */,
				BF6239F12C7DF82300F661EF /* LocationInputActivationView.swift */,
				BF6239F32C7E0A2500F661EF /* LocationInputView.swift */,
			);
			path = View;
			sourceTree = "<group>";
		};
		BF6239D92C75CB7400F661EF /* Model */ = {
			isa = PBXGroup;
			children = (
				BF6239F92C7F26A200F661EF /* User.swift */,
			);
			path = Model;
			sourceTree = "<group>";
		};
		BF6239DA2C75CBAA00F661EF /* Service */ = {
			isa = PBXGroup;
			children = (
				BF6239F72C7F1D6500F661EF /* Service.swift */,
			);
			path = Service;
			sourceTree = "<group>";
		};
		BF6239DB2C75CBB000F661EF /* Utils */ = {
			isa = PBXGroup;
			children = (
				BF6239DE2C75E3C500F661EF /* Extensions.swift */,
				BF0A15712C805CF800B77F4F /* LocationHandler.swift */,
			);
			path = Utils;
			sourceTree = "<group>";
		};
/* End PBXGroup section */

/* Begin PBXNativeTarget section */
		BF6239BD2C75CB1700F661EF /* UberTutorial */ = {
			isa = PBXNativeTarget;
			buildConfigurationList = BF6239D22C75CB1A00F661EF /* Build configuration list for PBXNativeTarget "UberTutorial" */;
			buildPhases = (
				BF6239BA2C75CB1700F661EF /* Sources */,
				BF6239BB2C75CB1700F661EF /* Frameworks */,
				BF6239BC2C75CB1700F661EF /* Resources */,
			);
			buildRules = (
			);
			dependencies = (
			);
			name = UberTutorial;
			packageProductDependencies = (
				BF6239E72C78761E00F661EF /* FirebaseAuth */,
				BF6239E92C78761E00F661EF /* FirebaseDatabase */,
				BF6239EB2C78761E00F661EF /* FirebaseStorage */,
				BF0A156D2C7F94FC00B77F4F /* GeoFire */,
				BF0A156F2C7F94FC00B77F4F /* GeoFireUtils */,
			);
			productName = UberTutorial;
			productReference = BF6239BE2C75CB1700F661EF /* UberTutorial.app */;
			productType = "com.apple.product-type.application";
		};
/* End PBXNativeTarget section */

/* Begin PBXProject section */
		BF6239B62C75CB1700F661EF /* Project object */ = {
			isa = PBXProject;
			attributes = {
				BuildIndependentTargetsInParallel = 1;
				LastSwiftUpdateCheck = 1540;
				LastUpgradeCheck = 1540;
				TargetAttributes = {
					BF6239BD2C75CB1700F661EF = {
						CreatedOnToolsVersion = 15.4;
					};
				};
			};
			buildConfigurationList = BF6239B92C75CB1700F661EF /* Build configuration list for PBXProject "UberTutorial" */;
			compatibilityVersion = "Xcode 14.0";
			developmentRegion = en;
			hasScannedForEncodings = 0;
			knownRegions = (
				en,
				Base,
			);
			mainGroup = BF6239B52C75CB1700F661EF;
			packageReferences = (
				BF6239E62C78761E00F661EF /* XCRemoteSwiftPackageReference "firebase-ios-sdk" */,
				BF0A156C2C7F94FC00B77F4F /* XCRemoteSwiftPackageReference "geofire-objc" */,
			);
			productRefGroup = BF6239BF2C75CB1700F661EF /* Products */;
			projectDirPath = "";
			projectRoot = "";
			targets = (
				BF6239BD2C75CB1700F661EF /* UberTutorial */,
			);
		};
/* End PBXProject section */

/* Begin PBXResourcesBuildPhase section */
		BF6239BC2C75CB1700F661EF /* Resources */ = {
			isa = PBXResourcesBuildPhase;
			buildActionMask = 2147483647;
			files = (
				BF6239CB2C75CB1A00F661EF /* Assets.xcassets in Resources */,
				BF6239EE2C78CBD700F661EF /* GoogleService-Info.plist in Resources */,
				BF6239CE2C75CB1A00F661EF /* Base in Resources */,
				BF6239C92C75CB1800F661EF /* Base in Resources */,
			);
			runOnlyForDeploymentPostprocessing = 0;
		};
/* End PBXResourcesBuildPhase section */

/* Begin PBXSourcesBuildPhase section */
		BF6239BA2C75CB1700F661EF /* Sources */ = {
			isa = PBXSourcesBuildPhase;
			buildActionMask = 2147483647;
			files = (
				BF6239E12C7638FD00F661EF /* SignUpController.swift in Sources */,
				BF6239E32C778CD200F661EF /* AuthButton.swift in Sources */,
				BF6239F02C7DB8C700F661EF /* HomeController.swift in Sources */,
				BF6239F42C7E0A2500F661EF /* LocationInputView.swift in Sources */,
				BF6239C22C75CB1700F661EF /* AppDelegate.swift in Sources */,
				BF6239DD2C75CC9800F661EF /* LoginController.swift in Sources */,
				BF6239F62C7F08F200F661EF /* LocationCell.swift in Sources */,
				BF0A15722C805CF800B77F4F /* LocationHandler.swift in Sources */,
				BF6239C42C75CB1700F661EF /* SceneDelegate.swift in Sources */,
				BF6239FA2C7F26A200F661EF /* User.swift in Sources */,
				BF6239F82C7F1D6500F661EF /* Service.swift in Sources */,
				BF6239F22C7DF82300F661EF /* LocationInputActivationView.swift in Sources */,
				BF6239DF2C75E3C500F661EF /* Extensions.swift in Sources */,
			);
			runOnlyForDeploymentPostprocessing = 0;
		};
/* End PBXSourcesBuildPhase section */

/* Begin PBXVariantGroup section */
		BF6239C72C75CB1800F661EF /* Main.storyboard */ = {
			isa = PBXVariantGroup;
			children = (
				BF6239C82C75CB1800F661EF /* Base */,
			);
			name = Main.storyboard;
			sourceTree = "<group>";
		};
		BF6239CC2C75CB1A00F661EF /* LaunchScreen.storyboard */ = {
			isa = PBXVariantGroup;
			children = (
				BF6239CD2C75CB1A00F661EF /* Base */,
			);
			name = LaunchScreen.storyboard;
			sourceTree = "<group>";
		};
/* End PBXVariantGroup section */

/* Begin XCBuildConfiguration section */
		BF6239D02C75CB1A00F661EF /* Debug */ = {
			isa = XCBuildConfiguration;
			buildSettings = {
				ALWAYS_SEARCH_USER_PATHS = NO;
				ASSETCATALOG_COMPILER_GENERATE_SWIFT_ASSET_SYMBOL_EXTENSIONS = YES;
				CLANG_ANALYZER_NONNULL = YES;
				CLANG_ANALYZER_NUMBER_OBJECT_CONVERSION = YES_AGGRESSIVE;
				CLANG_CXX_LANGUAGE_STANDARD = "gnu++20";
				CLANG_ENABLE_MODULES = YES;
				CLANG_ENABLE_OBJC_ARC = YES;
				CLANG_ENABLE_OBJC_WEAK = YES;
				CLANG_WARN_BLOCK_CAPTURE_AUTORELEASING = YES;
				CLANG_WARN_BOOL_CONVERSION = YES;
				CLANG_WARN_COMMA = YES;
				CLANG_WARN_CONSTANT_CONVERSION = YES;
				CLANG_WARN_DEPRECATED_OBJC_IMPLEMENTATIONS = YES;
				CLANG_WARN_DIRECT_OBJC_ISA_USAGE = YES_ERROR;
				CLANG_WARN_DOCUMENTATION_COMMENTS = YES;
				CLANG_WARN_EMPTY_BODY = YES;
				CLANG_WARN_ENUM_CONVERSION = YES;
				CLANG_WARN_INFINITE_RECURSION = YES;
				CLANG_WARN_INT_CONVERSION = YES;
				CLANG_WARN_NON_LITERAL_NULL_CONVERSION = YES;
				CLANG_WARN_OBJC_IMPLICIT_RETAIN_SELF = YES;
				CLANG_WARN_OBJC_LITERAL_CONVERSION = YES;
				CLANG_WARN_OBJC_ROOT_CLASS = YES_ERROR;
				CLANG_WARN_QUOTED_INCLUDE_IN_FRAMEWORK_HEADER = YES;
				CLANG_WARN_RANGE_LOOP_ANALYSIS = YES;
				CLANG_WARN_STRICT_PROTOTYPES = YES;
				CLANG_WARN_SUSPICIOUS_MOVE = YES;
				CLANG_WARN_UNGUARDED_AVAILABILITY = YES_AGGRESSIVE;
				CLANG_WARN_UNREACHABLE_CODE = YES;
				CLANG_WARN__DUPLICATE_METHOD_MATCH = YES;
				COPY_PHASE_STRIP = NO;
				DEBUG_INFORMATION_FORMAT = dwarf;
				ENABLE_STRICT_OBJC_MSGSEND = YES;
				ENABLE_TESTABILITY = YES;
				ENABLE_USER_SCRIPT_SANDBOXING = YES;
				GCC_C_LANGUAGE_STANDARD = gnu17;
				GCC_DYNAMIC_NO_PIC = NO;
				GCC_NO_COMMON_BLOCKS = YES;
				GCC_OPTIMIZATION_LEVEL = 0;
				GCC_PREPROCESSOR_DEFINITIONS = (
					"DEBUG=1",
					"$(inherited)",
				);
				GCC_WARN_64_TO_32_BIT_CONVERSION = YES;
				GCC_WARN_ABOUT_RETURN_TYPE = YES_ERROR;
				GCC_WARN_UNDECLARED_SELECTOR = YES;
				GCC_WARN_UNINITIALIZED_AUTOS = YES_AGGRESSIVE;
				GCC_WARN_UNUSED_FUNCTION = YES;
				GCC_WARN_UNUSED_VARIABLE = YES;
				IPHONEOS_DEPLOYMENT_TARGET = 17.5;
				LOCALIZATION_PREFERS_STRING_CATALOGS = YES;
				MTL_ENABLE_DEBUG_INFO = INCLUDE_SOURCE;
				MTL_FAST_MATH = YES;
				ONLY_ACTIVE_ARCH = YES;
				SDKROOT = iphoneos;
				SWIFT_ACTIVE_COMPILATION_CONDITIONS = "DEBUG $(inherited)";
				SWIFT_OPTIMIZATION_LEVEL = "-Onone";
			};
			name = Debug;
		};
		BF6239D12C75CB1A00F661EF /* Release */ = {
			isa = XCBuildConfiguration;
			buildSettings = {
				ALWAYS_SEARCH_USER_PATHS = NO;
				ASSETCATALOG_COMPILER_GENERATE_SWIFT_ASSET_SYMBOL_EXTENSIONS = YES;
				CLANG_ANALYZER_NONNULL = YES;
				CLANG_ANALYZER_NUMBER_OBJECT_CONVERSION = YES_AGGRESSIVE;
				CLANG_CXX_LANGUAGE_STANDARD = "gnu++20";
				CLANG_ENABLE_MODULES = YES;
				CLANG_ENABLE_OBJC_ARC = YES;
				CLANG_ENABLE_OBJC_WEAK = YES;
				CLANG_WARN_BLOCK_CAPTURE_AUTORELEASING = YES;
				CLANG_WARN_BOOL_CONVERSION = YES;
				CLANG_WARN_COMMA = YES;
				CLANG_WARN_CONSTANT_CONVERSION = YES;
				CLANG_WARN_DEPRECATED_OBJC_IMPLEMENTATIONS = YES;
				CLANG_WARN_DIRECT_OBJC_ISA_USAGE = YES_ERROR;
				CLANG_WARN_DOCUMENTATION_COMMENTS = YES;
				CLANG_WARN_EMPTY_BODY = YES;
				CLANG_WARN_ENUM_CONVERSION = YES;
				CLANG_WARN_INFINITE_RECURSION = YES;
				CLANG_WARN_INT_CONVERSION = YES;
				CLANG_WARN_NON_LITERAL_NULL_CONVERSION = YES;
				CLANG_WARN_OBJC_IMPLICIT_RETAIN_SELF = YES;
				CLANG_WARN_OBJC_LITERAL_CONVERSION = YES;
				CLANG_WARN_OBJC_ROOT_CLASS = YES_ERROR;
				CLANG_WARN_QUOTED_INCLUDE_IN_FRAMEWORK_HEADER = YES;
				CLANG_WARN_RANGE_LOOP_ANALYSIS = YES;
				CLANG_WARN_STRICT_PROTOTYPES = YES;
				CLANG_WARN_SUSPICIOUS_MOVE = YES;
				CLANG_WARN_UNGUARDED_AVAILABILITY = YES_AGGRESSIVE;
				CLANG_WARN_UNREACHABLE_CODE = YES;
				CLANG_WARN__DUPLICATE_METHOD_MATCH = YES;
				COPY_PHASE_STRIP = NO;
				DEBUG_INFORMATION_FORMAT = "dwarf-with-dsym";
				ENABLE_NS_ASSERTIONS = NO;
				ENABLE_STRICT_OBJC_MSGSEND = YES;
				ENABLE_USER_SCRIPT_SANDBOXING = YES;
				GCC_C_LANGUAGE_STANDARD = gnu17;
				GCC_NO_COMMON_BLOCKS = YES;
				GCC_WARN_64_TO_32_BIT_CONVERSION = YES;
				GCC_WARN_ABOUT_RETURN_TYPE = YES_ERROR;
				GCC_WARN_UNDECLARED_SELECTOR = YES;
				GCC_WARN_UNINITIALIZED_AUTOS = YES_AGGRESSIVE;
				GCC_WARN_UNUSED_FUNCTION = YES;
				GCC_WARN_UNUSED_VARIABLE = YES;
				IPHONEOS_DEPLOYMENT_TARGET = 17.5;
				LOCALIZATION_PREFERS_STRING_CATALOGS = YES;
				MTL_ENABLE_DEBUG_INFO = NO;
				MTL_FAST_MATH = YES;
				SDKROOT = iphoneos;
				SWIFT_COMPILATION_MODE = wholemodule;
				VALIDATE_PRODUCT = YES;
			};
			name = Release;
		};
		BF6239D32C75CB1A00F661EF /* Debug */ = {
			isa = XCBuildConfiguration;
			buildSettings = {
				ASSETCATALOG_COMPILER_APPICON_NAME = AppIcon;
				ASSETCATALOG_COMPILER_GLOBAL_ACCENT_COLOR_NAME = AccentColor;
				CODE_SIGN_STYLE = Automatic;
				CURRENT_PROJECT_VERSION = 1;
				DEVELOPMENT_TEAM = 4557443Z6X;
				GENERATE_INFOPLIST_FILE = YES;
				INFOPLIST_FILE = UberTutorial/Info.plist;
				INFOPLIST_KEY_UIApplicationSupportsIndirectInputEvents = YES;
				INFOPLIST_KEY_UILaunchStoryboardName = LaunchScreen;
				INFOPLIST_KEY_UIMainStoryboardFile = Main;
				INFOPLIST_KEY_UISupportedInterfaceOrientations = UIInterfaceOrientationPortrait;
				INFOPLIST_KEY_UISupportedInterfaceOrientations_iPad = "UIInterfaceOrientationLandscapeLeft UIInterfaceOrientationLandscapeRight UIInterfaceOrientationPortrait UIInterfaceOrientationPortraitUpsideDown";
				LD_RUNPATH_SEARCH_PATHS = (
					"$(inherited)",
					"@executable_path/Frameworks",
				);
				MARKETING_VERSION = 1.0;
				PRODUCT_BUNDLE_IDENTIFIER = HomeCode.UberTutorial;
				PRODUCT_NAME = "$(TARGET_NAME)";
				SUPPORTED_PLATFORMS = "iphoneos iphonesimulator";
				SUPPORTS_MACCATALYST = NO;
				SUPPORTS_MAC_DESIGNED_FOR_IPHONE_IPAD = NO;
				SUPPORTS_XR_DESIGNED_FOR_IPHONE_IPAD = NO;
				SWIFT_EMIT_LOC_STRINGS = YES;
				SWIFT_VERSION = 5.0;
				TARGETED_DEVICE_FAMILY = 1;
			};
			name = Debug;
		};
		BF6239D42C75CB1A00F661EF /* Release */ = {
			isa = XCBuildConfiguration;
			buildSettings = {
				ASSETCATALOG_COMPILER_APPICON_NAME = AppIcon;
				ASSETCATALOG_COMPILER_GLOBAL_ACCENT_COLOR_NAME = AccentColor;
				CODE_SIGN_STYLE = Automatic;
				CURRENT_PROJECT_VERSION = 1;
				DEVELOPMENT_TEAM = 4557443Z6X;
				GENERATE_INFOPLIST_FILE = YES;
				INFOPLIST_FILE = UberTutorial/Info.plist;
				INFOPLIST_KEY_UIApplicationSupportsIndirectInputEvents = YES;
				INFOPLIST_KEY_UILaunchStoryboardName = LaunchScreen;
				INFOPLIST_KEY_UIMainStoryboardFile = Main;
				INFOPLIST_KEY_UISupportedInterfaceOrientations = UIInterfaceOrientationPortrait;
				INFOPLIST_KEY_UISupportedInterfaceOrientations_iPad = "UIInterfaceOrientationLandscapeLeft UIInterfaceOrientationLandscapeRight UIInterfaceOrientationPortrait UIInterfaceOrientationPortraitUpsideDown";
				LD_RUNPATH_SEARCH_PATHS = (
					"$(inherited)",
					"@executable_path/Frameworks",
				);
				MARKETING_VERSION = 1.0;
				PRODUCT_BUNDLE_IDENTIFIER = HomeCode.UberTutorial;
				PRODUCT_NAME = "$(TARGET_NAME)";
				SUPPORTED_PLATFORMS = "iphoneos iphonesimulator";
				SUPPORTS_MACCATALYST = NO;
				SUPPORTS_MAC_DESIGNED_FOR_IPHONE_IPAD = NO;
				SUPPORTS_XR_DESIGNED_FOR_IPHONE_IPAD = NO;
				SWIFT_EMIT_LOC_STRINGS = YES;
				SWIFT_VERSION = 5.0;
				TARGETED_DEVICE_FAMILY = 1;
			};
			name = Release;
		};
/* End XCBuildConfiguration section */

/* Begin XCConfigurationList section */
		BF6239B92C75CB1700F661EF /* Build configuration list for PBXProject "UberTutorial" */ = {
			isa = XCConfigurationList;
			buildConfigurations = (
				BF6239D02C75CB1A00F661EF /* Debug */,
				BF6239D12C75CB1A00F661EF /* Release */,
			);
			defaultConfigurationIsVisible = 0;
			defaultConfigurationName = Release;
		};
		BF6239D22C75CB1A00F661EF /* Build configuration list for PBXNativeTarget "UberTutorial" */ = {
			isa = XCConfigurationList;
			buildConfigurations = (
				BF6239D32C75CB1A00F661EF /* Debug */,
				BF6239D42C75CB1A00F661EF /* Release */,
			);
			defaultConfigurationIsVisible = 0;
			defaultConfigurationName = Release;
		};
/* End XCConfigurationList section */

/* Begin XCRemoteSwiftPackageReference section */
		BF0A156C2C7F94FC00B77F4F /* XCRemoteSwiftPackageReference "geofire-objc" */ = {
			isa = XCRemoteSwiftPackageReference;
			repositoryURL = "https://github.com/firebase/geofire-objc";
			requirement = {
				branch = master;
				kind = branch;
			};
		};
		BF6239E62C78761E00F661EF /* XCRemoteSwiftPackageReference "firebase-ios-sdk" */ = {
			isa = XCRemoteSwiftPackageReference;
			repositoryURL = "https://github.com/firebase/firebase-ios-sdk";
			requirement = {
				kind = upToNextMajorVersion;
				minimumVersion = 11.1.0;
			};
		};
/* End XCRemoteSwiftPackageReference section */

/* Begin XCSwiftPackageProductDependency section */
		BF0A156D2C7F94FC00B77F4F /* GeoFire */ = {
			isa = XCSwiftPackageProductDependency;
			package = BF0A156C2C7F94FC00B77F4F /* XCRemoteSwiftPackageReference "geofire-objc" */;
			productName = GeoFire;
		};
		BF0A156F2C7F94FC00B77F4F /* GeoFireUtils */ = {
			isa = XCSwiftPackageProductDependency;
			package = BF0A156C2C7F94FC00B77F4F /* XCRemoteSwiftPackageReference "geofire-objc" */;
			productName = GeoFireUtils;
		};
		BF6239E72C78761E00F661EF /* FirebaseAuth */ = {
			isa = XCSwiftPackageProductDependency;
			package = BF6239E62C78761E00F661EF /* XCRemoteSwiftPackageReference "firebase-ios-sdk" */;
			productName = FirebaseAuth;
		};
		BF6239E92C78761E00F661EF /* FirebaseDatabase */ = {
			isa = XCSwiftPackageProductDependency;
			package = BF6239E62C78761E00F661EF /* XCRemoteSwiftPackageReference "firebase-ios-sdk" */;
			productName = FirebaseDatabase;
		};
		BF6239EB2C78761E00F661EF /* FirebaseStorage */ = {
			isa = XCSwiftPackageProductDependency;
			package = BF6239E62C78761E00F661EF /* XCRemoteSwiftPackageReference "firebase-ios-sdk" */;
			productName = FirebaseStorage;
		};
/* End XCSwiftPackageProductDependency section */
	};
	rootObject = BF6239B62C75CB1700F661EF /* Project object */;
}
